# Generated by pub
# See https://dart.dev/tools/pub/glossary#lockfile
packages:
  adobe_xd:
    dependency: "direct main"
    description:
      name: adobe_xd
      sha256: "5d84fef3ded20dc0f4efe34e8bd4c0462d2d1539b5826a18f4247ddbf915ad44"
      url: "https://pub.dev"
    source: hosted
    version: "2.0.1"
  animation_list:
    dependency: "direct main"
    description:
      name: animation_list
      sha256: "39d7530ff0b42a8149778ec34c0a0e2adc97619819cc1b998ae14831e66f9caf"
      url: "https://pub.dev"
    source: hosted
    version: "2.2.0"
  archive:
    dependency: transitive
    description:
      name: archive
      sha256: "793964beb8e297995714326628881437d4211f10fc8843534bab54129cd896ee"
      url: "https://pub.dev"
    source: hosted
    version: "3.3.1"
  args:
    dependency: transitive
    description:
      name: args
      sha256: b003c3098049a51720352d219b0bb5f219b60fbfb68e7a4748139a06a5676515
      url: "https://pub.dev"
    source: hosted
    version: "2.3.1"
  async:
    dependency: transitive
    description:
      name: async
      sha256: bfe67ef28df125b7dddcea62755991f807aa39a2492a23e1550161692950bbe0
      url: "https://pub.dev"
    source: hosted
    version: "2.10.0"
  audio_session:
    dependency: transitive
    description:
      name: audio_session
      sha256: f952f7a98640ba1d07520465a1cdaed6df0994390ac6fa73920d1741207147b8
      url: "https://pub.dev"
    source: hosted
    version: "0.1.10"
  audioplayers:
    dependency: "direct main"
    description:
      name: audioplayers
      sha256: a565e7e3e8a21a823b8cd7fed0bde1eb3796a96b373374be557adecfb511fa6b
      url: "https://pub.dev"
    source: hosted
    version: "0.20.1"
  avatar_glow:
    dependency: "direct main"
    description:
      name: avatar_glow
      sha256: "3627f6f97d1f10d3c1996ae108d3488eabaf68c0cf0c3eac7e7c746a3812881d"
      url: "https://pub.dev"
    source: hosted
    version: "2.0.2"
  boolean_selector:
    dependency: transitive
    description:
      name: boolean_selector
      sha256: "6cfb5af12253eaf2b368f07bacc5a80d1301a071c73360d746b7f2e32d762c66"
      url: "https://pub.dev"
    source: hosted
    version: "2.1.1"
  cached_network_image:
    dependency: "direct main"
    description:
      name: cached_network_image
      sha256: be69fd8b429d48807102cee6ab4106a55e1f2f3e79a1b83abb8572bc06c64f26
      url: "https://pub.dev"
    source: hosted
    version: "3.2.2"
  cached_network_image_platform_interface:
    dependency: transitive
    description:
      name: cached_network_image_platform_interface
      sha256: bb2b8403b4ccdc60ef5f25c70dead1f3d32d24b9d6117cfc087f496b178594a7
      url: "https://pub.dev"
    source: hosted
    version: "2.0.0"
  cached_network_image_web:
    dependency: transitive
    description:
      name: cached_network_image_web
      sha256: b8eb814ebfcb4dea049680f8c1ffb2df399e4d03bf7a352c775e26fa06e02fa0
      url: "https://pub.dev"
    source: hosted
    version: "1.0.2"
  card_swiper:
    dependency: "direct main"
    description:
      name: card_swiper
      sha256: "0c94c538f47be1dab52d018d4900a7046b4cb0700dc7f95b8628da89d1212b35"
      url: "https://pub.dev"
    source: hosted
    version: "2.0.4"
  characters:
    dependency: transitive
    description:
      name: characters
      sha256: e6a326c8af69605aec75ed6c187d06b349707a27fbff8222ca9cc2cff167975c
      url: "https://pub.dev"
    source: hosted
    version: "1.2.1"
  chewie:
    dependency: transitive
    description:
      name: chewie
      sha256: edb7a38d3f80035e46f931a6ff9391706e206f81f7c00ca4d58356809b593427
      url: "https://pub.dev"
    source: hosted
    version: "1.3.5"
  clock:
    dependency: transitive
    description:
      name: clock
      sha256: cb6d7f03e1de671e34607e909a7213e31d7752be4fb66a86d29fe1eb14bfb5cf
      url: "https://pub.dev"
    source: hosted
    version: "1.1.1"
  collection:
    dependency: transitive
    description:
      name: collection
      sha256: cfc915e6923fe5ce6e153b0723c753045de46de1b4d63771530504004a45fae0
      url: "https://pub.dev"
    source: hosted
    version: "1.17.0"
  crypto:
    dependency: transitive
    description:
      name: crypto
      sha256: aa274aa7774f8964e4f4f38cc994db7b6158dd36e9187aaceaddc994b35c6c67
      url: "https://pub.dev"
    source: hosted
    version: "3.0.2"
  csslib:
    dependency: transitive
    description:
      name: csslib
      sha256: b36c7f7e24c0bdf1bf9a3da461c837d1de64b9f8beb190c9011d8c72a3dfd745
      url: "https://pub.dev"
    source: hosted
    version: "0.17.2"
  cupertino_icons:
    dependency: "direct main"
    description:
      name: cupertino_icons
      sha256: e35129dc44c9118cee2a5603506d823bab99c68393879edb440e0090d07586be
      url: "https://pub.dev"
    source: hosted
    version: "1.0.5"
  dbus:
    dependency: transitive
    description:
      name: dbus
      sha256: "253bfaa3d340778d8bc755e89c3af38e85ef95e65fd5d5670aa3167f8d4f6577"
      url: "https://pub.dev"
    source: hosted
    version: "0.7.4"
  device_frame:
    dependency: transitive
    description:
      name: device_frame
      sha256: afe76182aec178d171953d9b4a50a43c57c7cf3c77d8b09a48bf30c8fa04dd9d
      url: "https://pub.dev"
    source: hosted
    version: "1.1.0"
  device_info_plus:
    dependency: "direct main"
    description:
      name: device_info_plus
      sha256: "8ce4dc79cd82838abd6bbfbec7bfc6f5d47df0b85e746a4a69248b5b6cabdd97"
      url: "https://pub.dev"
    source: hosted
    version: "2.2.0"
  device_info_plus_linux:
    dependency: transitive
    description:
      name: device_info_plus_linux
      sha256: e4eb5db4704f5534e872148a21cfcd39581022b63df556da6720d88f7c9f91a9
      url: "https://pub.dev"
    source: hosted
    version: "2.1.1"
  device_info_plus_macos:
    dependency: transitive
    description:
      name: device_info_plus_macos
      sha256: "38871fd2ad31871399d8307630c9f4eb5941dd2c643ee221c44d58de95d367a1"
      url: "https://pub.dev"
    source: hosted
    version: "2.2.3"
  device_info_plus_platform_interface:
    dependency: transitive
    description:
      name: device_info_plus_platform_interface
      sha256: b2743934f0efc3e291880d76fb341ea114b7e8417d77ee0f93bd21f5dfd3e8d2
      url: "https://pub.dev"
    source: hosted
    version: "2.6.1"
  device_info_plus_web:
    dependency: transitive
    description:
      name: device_info_plus_web
      sha256: "38715ad1ef3bee8915dd7bee08a9ac9ab54472a8df425c887062a3046209f663"
      url: "https://pub.dev"
    source: hosted
    version: "2.1.0"
  device_info_plus_windows:
    dependency: transitive
    description:
      name: device_info_plus_windows
      sha256: "8fb1403fc94636d6ab48aeebb5f9379f2ca51cde3b337167ec6f39db09234492"
      url: "https://pub.dev"
    source: hosted
    version: "2.1.1"
  device_preview:
    dependency: "direct main"
    description:
      name: device_preview
      sha256: "2f097bf31b929e15e6756dbe0ec1bcb63952ab9ed51c25dc5a2c722d2b21fdaf"
      url: "https://pub.dev"
    source: hosted
    version: "1.1.0"
  devicelocale:
    dependency: "direct main"
    description:
      name: devicelocale
      sha256: "6b3ce104a843091e6a6e976e37430679ea1cce730cdc54b0d1f55421e77f76fc"
      url: "https://pub.dev"
    source: hosted
    version: "0.4.3"
  dio:
    dependency: "direct main"
    description:
      name: dio
      sha256: "7d328c4d898a61efc3cd93655a0955858e29a0aa647f0f9e02d59b3bb275e2e8"
      url: "https://pub.dev"
    source: hosted
    version: "4.0.6"
  dots_indicator:
    dependency: "direct main"
    description:
      name: dots_indicator
      sha256: e59dfc90030ee5a4fd4c53144a8ce97cc7a823c2067b8fb9814960cd1ae63f89
      url: "https://pub.dev"
    source: hosted
    version: "2.1.0"
  dropdown_button2:
    dependency: "direct main"
    description:
      name: dropdown_button2
      sha256: "79f781bcff9d5ce6ad3317617ca1a9b6dcc5b6ed8d168082db02e55591923e56"
      url: "https://pub.dev"
    source: hosted
    version: "1.8.2"
  equatable:
    dependency: transitive
    description:
      name: equatable
      sha256: c2b87cb7756efdf69892005af546c56c0b5037f54d2a88269b4f347a505e3ca2
      url: "https://pub.dev"
    source: hosted
    version: "2.0.5"
  fake_async:
    dependency: transitive
    description:
      name: fake_async
      sha256: "511392330127add0b769b75a987850d136345d9227c6b94c96a04cf4a391bf78"
      url: "https://pub.dev"
    source: hosted
    version: "1.3.1"
  ffi:
    dependency: transitive
    description:
      name: ffi
      sha256: "13a6ccf6a459a125b3fcdb6ec73bd5ff90822e071207c663bfd1f70062d51d18"
      url: "https://pub.dev"
    source: hosted
    version: "1.2.1"
  file:
    dependency: transitive
    description:
      name: file
      sha256: "1b92bec4fc2a72f59a8e15af5f52cd441e4a7860b49499d69dfa817af20e925d"
      url: "https://pub.dev"
    source: hosted
    version: "6.1.4"
  firebase_core:
    dependency: "direct main"
    description:
      name: firebase_core
      sha256: "4267ef73eec5b0a0dcd030c2b702518f615812029bbd380dc4a66e0eb95d34ce"
      url: "https://pub.dev"
    source: hosted
    version: "1.23.0"
  firebase_core_platform_interface:
    dependency: transitive
    description:
      name: firebase_core_platform_interface
      sha256: b51257a8b4388565cd66062d727d3e60067b5f5cc3390eb0ecd20b8f97741bdb
      url: "https://pub.dev"
    source: hosted
    version: "4.5.1"
  firebase_core_web:
    dependency: transitive
    description:
      name: firebase_core_web
      sha256: "26f5ed9c1eb209464ef77c0da41f3273e713f63d7d96bf8b40f0d614c99f0389"
      url: "https://pub.dev"
    source: hosted
    version: "1.7.2"
  firebase_messaging:
    dependency: "direct main"
    description:
      name: firebase_messaging
      sha256: "5692556b438bae02c0d3a47c195d924cedd1bf2e662c0f7ebf525a3e8c788d9d"
      url: "https://pub.dev"
    source: hosted
    version: "10.0.9"
  firebase_messaging_platform_interface:
    dependency: transitive
    description:
      name: firebase_messaging_platform_interface
      sha256: "3e85a7578b47e08a39e318832dbb795d70c95733bc925b9596b5cc9656eaa127"
      url: "https://pub.dev"
    source: hosted
    version: "3.5.4"
  firebase_messaging_web:
    dependency: transitive
    description:
      name: firebase_messaging_web
      sha256: "918d17ad2df94284b71f843e420f8f3257b12c67ae2b33c2931a88d0b7a182fd"
      url: "https://pub.dev"
    source: hosted
    version: "2.4.4"
  fl_chart:
    dependency: "direct main"
    description:
      name: fl_chart
      sha256: "749b3342ea3e95cbf61a0fec31a62606e837377b8b6d0caa7367a7ef80f38b7d"
      url: "https://pub.dev"
    source: hosted
    version: "0.55.2"
  flutter:
    dependency: "direct main"
    description: flutter
    source: sdk
    version: "0.0.0"
  flutter_arc_text:
    dependency: "direct main"
    description:
      name: flutter_arc_text
      sha256: "38e9cda592ea61af4c7f2446641416580240da4be8a5427a99bf70045533ad16"
      url: "https://pub.dev"
    source: hosted
    version: "0.5.0"
  flutter_blurhash:
    dependency: transitive
    description:
      name: flutter_blurhash
      sha256: "05001537bd3fac7644fa6558b09ec8c0a3f2eba78c0765f88912882b1331a5c6"
      url: "https://pub.dev"
    source: hosted
    version: "0.7.0"
  flutter_cache_manager:
    dependency: transitive
    description:
      name: flutter_cache_manager
      sha256: "32cd900555219333326a2d0653aaaf8671264c29befa65bbd9856d204a4c9fb3"
      url: "https://pub.dev"
    source: hosted
    version: "3.3.0"
  flutter_custom_carousel_slider:
    dependency: "direct main"
    description:
      name: flutter_custom_carousel_slider
      sha256: "0f669f2b5443115a9273fa2f95e0b4f9825ba937e8905e6857a36d57ed699eb2"
      url: "https://pub.dev"
    source: hosted
    version: "1.2.0"
  flutter_easyloading:
    dependency: "direct main"
    description:
      name: flutter_easyloading
      sha256: ba21a3c883544e582f9cc455a4a0907556714e1e9cf0eababfcb600da191d17c
      url: "https://pub.dev"
    source: hosted
    version: "3.0.5"
  flutter_lints:
    dependency: "direct dev"
    description:
      name: flutter_lints
      sha256: b543301ad291598523947dc534aaddc5aaad597b709d2426d3a0e0d44c5cb493
      url: "https://pub.dev"
    source: hosted
    version: "1.0.4"
  flutter_local_notifications:
    dependency: "direct main"
    description:
      name: flutter_local_notifications
      sha256: "57d0012730780fe137260dd180e072c18a73fbeeb924cdc029c18aaa0f338d64"
      url: "https://pub.dev"
    source: hosted
    version: "9.9.1"
  flutter_local_notifications_linux:
    dependency: transitive
    description:
      name: flutter_local_notifications_linux
      sha256: b472bfc173791b59ede323661eae20f7fff0b6908fea33dd720a6ef5d576bae8
      url: "https://pub.dev"
    source: hosted
    version: "0.5.1"
  flutter_local_notifications_platform_interface:
    dependency: transitive
    description:
      name: flutter_local_notifications_platform_interface
      sha256: "21bceee103a66a53b30ea9daf677f990e5b9e89b62f222e60dd241cd08d63d3a"
      url: "https://pub.dev"
    source: hosted
    version: "5.0.0"
  flutter_localizations:
    dependency: "direct main"
    description: flutter
    source: sdk
    version: "0.0.0"
  flutter_native_splash:
    dependency: "direct main"
    description:
      name: flutter_native_splash
      sha256: e37964a0e7b08c3703e72b4d968c0596928c57b43400ade2037b655546742b6b
      url: "https://pub.dev"
    source: hosted
    version: "2.2.9"
  flutter_plugin_android_lifecycle:
    dependency: transitive
    description:
      name: flutter_plugin_android_lifecycle
      sha256: "60fc7b78455b94e6de2333d2f95196d32cf5c22f4b0b0520a628804cb463503b"
      url: "https://pub.dev"
    source: hosted
    version: "2.0.7"
  flutter_rating_bar:
    dependency: transitive
    description:
      name: flutter_rating_bar
      sha256: d2af03469eac832c591a1eba47c91ecc871fe5708e69967073c043b2d775ed93
      url: "https://pub.dev"
    source: hosted
    version: "4.0.1"
  flutter_screenutil:
    dependency: "direct main"
    description:
      name: flutter_screenutil
      sha256: "5e8f5197b4d0ec4b70d1c7afe055b18bba6ac27c00b309a98c25c11ba64eedf1"
      url: "https://pub.dev"
    source: hosted
    version: "5.5.4"
  flutter_spinkit:
    dependency: transitive
    description:
      name: flutter_spinkit
      sha256: "77a2117c0517ff909221f3160b8eb20052ab5216107581168af574ac1f05dff8"
      url: "https://pub.dev"
    source: hosted
    version: "5.1.0"
  flutter_staggered_grid_view:
    dependency: "direct main"
    description:
      name: flutter_staggered_grid_view
      sha256: f0b6d8c0fa7b4b444985cdde68492c0138a4fb6fc57a641b24cb234b7ee0f5c4
      url: "https://pub.dev"
    source: hosted
    version: "0.4.1"
  flutter_svg:
    dependency: "direct main"
    description:
      name: flutter_svg
      sha256: f2aa23d9d1721cd5c2c5097558368d2a1f85be35a85a6cf26a626e80c369a47c
      url: "https://pub.dev"
    source: hosted
    version: "1.1.5"
  flutter_test:
    dependency: "direct dev"
    description: flutter
    source: sdk
    version: "0.0.0"
  flutter_web_plugins:
    dependency: transitive
    description: flutter
    source: sdk
    version: "0.0.0"
  flutter_widget_from_html:
    dependency: "direct main"
    description:
      name: flutter_widget_from_html
      sha256: f7d31bf1d4b2fa301f70fad46fe5c80e96f3d4fe27793b23757c8eaee5f70b84
      url: "https://pub.dev"
    source: hosted
    version: "0.8.5"
  flutter_widget_from_html_core:
    dependency: transitive
    description:
      name: flutter_widget_from_html_core
      sha256: e8f4f8b461a140ffb7c71f938bc76efc758893e7468843d9dbf70cb0b9e900cb
      url: "https://pub.dev"
    source: hosted
    version: "0.8.5+3"
  font_awesome_flutter:
    dependency: "direct main"
    description:
      name: font_awesome_flutter
      sha256: "1f93e5799f0e6c882819e8393a05c6ca5226010f289190f2242ec19f3f0fdba5"
      url: "https://pub.dev"
    source: hosted
    version: "9.2.0"
  freezed_annotation:
    dependency: transitive
    description:
      name: freezed_annotation
      sha256: aeac15850ef1b38ee368d4c53ba9a847e900bb2c53a4db3f6881cbb3cb684338
      url: "https://pub.dev"
    source: hosted
    version: "2.2.0"
  fwfh_cached_network_image:
    dependency: transitive
    description:
      name: fwfh_cached_network_image
      sha256: fcd75bb39849cc32b0c213fe6ad4dfa2503c5da07bf976d5f116a26d5707c7f0
      url: "https://pub.dev"
    source: hosted
    version: "0.7.0+2"
  fwfh_chewie:
    dependency: transitive
    description:
      name: fwfh_chewie
      sha256: "03ffd2cfa7354d186d0006511e9a66e9ad7aad143978c6c5d6736d9aef00acf2"
      url: "https://pub.dev"
    source: hosted
    version: "0.7.0+1"
  fwfh_just_audio:
    dependency: transitive
    description:
      name: fwfh_just_audio
      sha256: b82a1f1902754980b53c46264693d2c11e739ccd09e7af89126132aa223ad027
      url: "https://pub.dev"
    source: hosted
    version: "0.6.2+2"
  fwfh_selectable_text:
    dependency: transitive
    description:
      name: fwfh_selectable_text
      sha256: "55a17a85c0b5e26833127c57fc7864055799c1c2dfdb2ed665ac925222718901"
      url: "https://pub.dev"
    source: hosted
    version: "0.8.3+1"
  fwfh_svg:
    dependency: transitive
    description:
      name: fwfh_svg
      sha256: "52a133053f2c6df7693e3398958449835526e72a36245739589db32da3e3ad57"
      url: "https://pub.dev"
    source: hosted
    version: "0.7.2"
  fwfh_text_style:
    dependency: transitive
    description:
      name: fwfh_text_style
      sha256: "37806ee0222f79b6e8d4c698c322c897eae6a817258156f40aeece4e588fac60"
      url: "https://pub.dev"
    source: hosted
    version: "2.22.08+1"
  fwfh_url_launcher:
    dependency: transitive
    description:
      name: fwfh_url_launcher
      sha256: e6a8020ad57dfd1d5b12f9ae12ffc9120fac7491736280603db0be0a4dc74c97
      url: "https://pub.dev"
    source: hosted
    version: "0.6.1+3"
  fwfh_webview:
    dependency: transitive
    description:
      name: fwfh_webview
      sha256: df39debf755a4fa56b2c1a6a6d19d36c695b66691ed1cb0612763560a0b6f21c
      url: "https://pub.dev"
    source: hosted
    version: "0.6.2+3"
  geocoding:
    dependency: "direct main"
    description:
      name: geocoding
      sha256: "26218460a902d4249b81e6baf9d55ce400fd1ebe6fc0a7e92b2c12b0b8e1e14e"
      url: "https://pub.dev"
    source: hosted
    version: "2.0.5"
  geocoding_platform_interface:
    dependency: transitive
    description:
      name: geocoding_platform_interface
      sha256: "8848605d307d844d89937cdb4b8ad7dfa880552078f310fa24d8a460f6dddab4"
      url: "https://pub.dev"
    source: hosted
    version: "2.0.1"
  geolocator:
    dependency: "direct main"
    description:
      name: geolocator
      sha256: "5c23f3613f50586c0bbb2b8f970240ae66b3bd992088cf60dd5ee2e6f7dde3a8"
      url: "https://pub.dev"
    source: hosted
    version: "9.0.2"
  geolocator_android:
    dependency: transitive
    description:
      name: geolocator_android
      sha256: "970523d05cc7bce4271b012470b2917378c9e5978c858188cf0848990f4ed696"
      url: "https://pub.dev"
    source: hosted
    version: "4.1.3"
  geolocator_apple:
    dependency: transitive
    description:
      name: geolocator_apple
      sha256: a06106698923cbcee5fbfa1130c4c87cf1dc2b7df8a7693315d5f9f3ad33e5d3
      url: "https://pub.dev"
    source: hosted
    version: "2.2.2"
  geolocator_platform_interface:
    dependency: transitive
    description:
      name: geolocator_platform_interface
      sha256: "8c10ba5c825abdcc337ba918fbc1d3a5a2b006affe6ba610e3143cd32f54388d"
      url: "https://pub.dev"
    source: hosted
    version: "4.0.6"
  geolocator_web:
    dependency: transitive
    description:
      name: geolocator_web
      sha256: f68a122da48fcfff68bbc9846bb0b74ef651afe84a1b1f6ec20939de4d6860e1
      url: "https://pub.dev"
    source: hosted
    version: "2.1.6"
  geolocator_windows:
    dependency: transitive
    description:
      name: geolocator_windows
      sha256: f5911c88e23f48b598dd506c7c19eff0e001645bdc03bb6fecb9f4549208354d
      url: "https://pub.dev"
    source: hosted
    version: "0.1.1"
  getwidget:
    dependency: "direct main"
    description:
      name: getwidget
      sha256: f98a1a96d946e640e4b5e3bd1fd692a50b53f3d1afc8c128f098139a0cf5607e
      url: "https://pub.dev"
    source: hosted
    version: "2.1.1"
  google_geocoding:
    dependency: "direct main"
    description:
      name: google_geocoding
      sha256: b138a42d846d9d4dd4e51908959118fb06c5f9bb2bf5575e5c86362c2c418e90
      url: "https://pub.dev"
    source: hosted
    version: "0.2.0"
  google_maps_flutter:
    dependency: "direct main"
    description:
      name: google_maps_flutter
      sha256: "07f81e2d26a4dd2664e3beed547c75eb24b780c5c8519cd42bc0137308a1e7f6"
      url: "https://pub.dev"
    source: hosted
    version: "2.2.0"
  google_maps_flutter_android:
    dependency: transitive
    description:
      name: google_maps_flutter_android
      sha256: "7e0234029f1e2531203ea735e0bf69a0a25a6c6d62a19b7cac756f87062c8f5a"
      url: "https://pub.dev"
    source: hosted
    version: "2.3.0"
  google_maps_flutter_ios:
    dependency: transitive
    description:
      name: google_maps_flutter_ios
      sha256: "71213e497600e0c67cf7a096f643e58a72ed36334456c32c7ae0a6b4698018df"
      url: "https://pub.dev"
    source: hosted
    version: "2.1.11"
  google_maps_flutter_platform_interface:
    dependency: transitive
    description:
      name: google_maps_flutter_platform_interface
      sha256: "0a91acaa7ab6a438f428efe49f145a2b48f18ff039301ee2232696e18bf78784"
      url: "https://pub.dev"
    source: hosted
    version: "2.2.2"
  html:
    dependency: transitive
    description:
      name: html
      sha256: bfef906cbd4e78ef49ae511d9074aebd1d2251482ef601a280973e8b58b51bbf
      url: "https://pub.dev"
    source: hosted
    version: "0.15.0"
  http:
    dependency: transitive
    description:
      name: http
      sha256: "6aa2946395183537c8b880962d935877325d6a09a2867c3970c05c0fed6ac482"
      url: "https://pub.dev"
    source: hosted
    version: "0.13.5"
  http_parser:
    dependency: transitive
    description:
      name: http_parser
      sha256: db3060f22889f3d9d55f6a217565486737037eec3609f7f3eca4d0c67ee0d8a0
      url: "https://pub.dev"
    source: hosted
    version: "4.0.1"
  image:
    dependency: transitive
    description:
      name: image
      sha256: "9d2c5f73435a70a936d317769ee8e7ef480e37674b9f2bce95ea98969a307855"
      url: "https://pub.dev"
    source: hosted
    version: "3.2.0"
  image_viewer:
    dependency: "direct main"
    description:
      name: image_viewer
      sha256: "36485bcdbb123218c47b2f0905466e8ca207da8ae538d3afccadfe6f97dd2f22"
      url: "https://pub.dev"
    source: hosted
    version: "1.5.0"
  intl:
    dependency: "direct main"
    description:
      name: intl
      sha256: "910f85bce16fb5c6f614e117efa303e85a1731bb0081edf3604a2ae6e9a3cc91"
      url: "https://pub.dev"
    source: hosted
    version: "0.17.0"
  js:
    dependency: transitive
    description:
      name: js
      sha256: "5528c2f391ededb7775ec1daa69e65a2d61276f7552de2b5f7b8d34ee9fd4ab7"
      url: "https://pub.dev"
    source: hosted
    version: "0.6.5"
  json_annotation:
    dependency: transitive
    description:
      name: json_annotation
      sha256: "3520fa844009431b5d4491a5a778603520cdc399ab3406332dcc50f93547258c"
      url: "https://pub.dev"
    source: hosted
    version: "4.7.0"
  just_audio:
    dependency: transitive
    description:
      name: just_audio
      sha256: c5da4ef614812af5944140640284e45bd334c289ba902d4c5f987034029e3542
      url: "https://pub.dev"
    source: hosted
    version: "0.9.29"
  just_audio_platform_interface:
    dependency: transitive
    description:
      name: just_audio_platform_interface
      sha256: eff112d5138bea3ba544b6338b1e0537a32b5e1425e4d0dc38f732771cda7c84
      url: "https://pub.dev"
    source: hosted
    version: "4.2.0"
  just_audio_web:
    dependency: transitive
    description:
      name: just_audio_web
      sha256: "89d8db6f19f3821bb6bf908c4bfb846079afb2ab575b783d781a6bf119e3abaf"
      url: "https://pub.dev"
    source: hosted
    version: "0.4.7"
  like_button:
    dependency: "direct main"
    description:
      name: like_button
      sha256: a5a42e2095aa32ab0051d1441f776bb207e5c81bfd2431afb6cff0cd13ee1251
      url: "https://pub.dev"
    source: hosted
    version: "2.0.4"
  lint:
    dependency: transitive
    description:
      name: lint
      sha256: "4a539aa34ec5721a2c7574ae2ca0336738ea4adc2a34887d54b7596310b33c85"
      url: "https://pub.dev"
    source: hosted
    version: "1.10.0"
  lints:
    dependency: transitive
    description:
      name: lints
      sha256: a2c3d198cb5ea2e179926622d433331d8b58374ab8f29cdda6e863bd62fd369c
      url: "https://pub.dev"
    source: hosted
    version: "1.0.1"
  loading_transition_button:
    dependency: "direct main"
    description:
      name: loading_transition_button
      sha256: d02c77945a86bcf61d9dd1cd65785f33e77a96f20536f360223aac49e35a871c
      url: "https://pub.dev"
    source: hosted
    version: "0.0.1"
  localize_and_translate:
    dependency: "direct main"
    description:
      name: localize_and_translate
      sha256: f434319b5039fc816eb8d6bb399211107ac0ad7e6c996bc3b6517f027d820e04
      url: "https://pub.dev"
    source: hosted
    version: "4.1.1"
  matcher:
    dependency: transitive
    description:
      name: matcher
      sha256: "16db949ceee371e9b99d22f88fa3a73c4e59fd0afed0bd25fc336eb76c198b72"
      url: "https://pub.dev"
    source: hosted
    version: "0.12.13"
  material_color_utilities:
    dependency: transitive
    description:
      name: material_color_utilities
      sha256: d92141dc6fe1dad30722f9aa826c7fbc896d021d792f80678280601aff8cf724
      url: "https://pub.dev"
    source: hosted
    version: "0.2.0"
  meta:
    dependency: transitive
    description:
      name: meta
      sha256: "6c268b42ed578a53088d834796959e4a1814b5e9e164f147f580a386e5decf42"
      url: "https://pub.dev"
    source: hosted
    version: "1.8.0"
  mime:
    dependency: transitive
    description:
      name: mime
      sha256: dab22e92b41aa1255ea90ddc4bc2feaf35544fd0728e209638cad041a6e3928a
      url: "https://pub.dev"
    source: hosted
    version: "1.0.2"
  modal_bottom_sheet:
    dependency: "direct main"
    description:
      name: modal_bottom_sheet
      sha256: "3bba63c62d35c931bce7f8ae23a47f9a05836d8cb3c11122ada64e0b2f3d718f"
      url: "https://pub.dev"
    source: hosted
    version: "3.0.0-pre"
  multi_image_picker2:
    dependency: "direct main"
    description:
      name: multi_image_picker2
      sha256: ae57debd467547bbd8da85272ae1dfd342a296d63d5b717b7937ad0791e659f2
      url: "https://pub.dev"
    source: hosted
    version: "5.0.02"
  nested:
    dependency: transitive
    description:
      name: nested
      sha256: "03bac4c528c64c95c722ec99280375a6f2fc708eec17c7b3f07253b626cd2a20"
      url: "https://pub.dev"
    source: hosted
    version: "1.0.0"
  octo_image:
    dependency: transitive
    description:
      name: octo_image
      sha256: "107f3ed1330006a3bea63615e81cf637433f5135a52466c7caa0e7152bca9143"
      url: "https://pub.dev"
    source: hosted
    version: "1.0.2"
  page_transition:
    dependency: "direct main"
    description:
      name: page_transition
      sha256: a7694bc120b7064a7f57c336914bb8885acf4f70bb3772c30c2fcfe6a85e43ff
      url: "https://pub.dev"
    source: hosted
    version: "2.0.9"
  path:
    dependency: transitive
    description:
      name: path
      sha256: db9d4f58c908a4ba5953fcee2ae317c94889433e5024c27ce74a37f94267945b
      url: "https://pub.dev"
    source: hosted
    version: "1.8.2"
  path_drawing:
    dependency: transitive
    description:
      name: path_drawing
      sha256: bbb1934c0cbb03091af082a6389ca2080345291ef07a5fa6d6e078ba8682f977
      url: "https://pub.dev"
    source: hosted
    version: "1.0.1"
  path_parsing:
    dependency: transitive
    description:
      name: path_parsing
      sha256: e3e67b1629e6f7e8100b367d3db6ba6af4b1f0bb80f64db18ef1fbabd2fa9ccf
      url: "https://pub.dev"
    source: hosted
    version: "1.0.1"
  path_provider:
    dependency: "direct main"
    description:
      name: path_provider
      sha256: "050e8e85e4b7fecdf2bb3682c1c64c4887a183720c802d323de8a5fd76d372dd"
      url: "https://pub.dev"
    source: hosted
    version: "2.0.11"
  path_provider_android:
    dependency: transitive
    description:
      name: path_provider_android
      sha256: "4d5542667150f5b779ba411dd5dc0b674a85d1355e45bda2877e0e82f4ad08d8"
      url: "https://pub.dev"
    source: hosted
    version: "2.0.20"
  path_provider_ios:
    dependency: transitive
    description:
      name: path_provider_ios
      sha256: "03d639406f5343478352433f00d3c4394d52dac8df3d847869c5e2333e0bbce8"
      url: "https://pub.dev"
    source: hosted
    version: "2.0.11"
  path_provider_linux:
    dependency: transitive
    description:
      name: path_provider_linux
      sha256: ab0987bf95bc591da42dffb38c77398fc43309f0b9b894dcc5d6f40c4b26c379
      url: "https://pub.dev"
    source: hosted
    version: "2.1.7"
  path_provider_macos:
    dependency: transitive
    description:
      name: path_provider_macos
      sha256: "2a97e7fbb7ae9dcd0dfc1220a78e9ec3e71da691912e617e8715ff2a13086ae8"
      url: "https://pub.dev"
    source: hosted
    version: "2.0.6"
  path_provider_platform_interface:
    dependency: transitive
    description:
      name: path_provider_platform_interface
      sha256: "27dc7a224fcd07444cb5e0e60423ccacea3e13cf00fc5282ac2c918132da931d"
      url: "https://pub.dev"
    source: hosted
    version: "2.0.4"
  path_provider_windows:
    dependency: transitive
    description:
      name: path_provider_windows
      sha256: a34ecd7fb548f8e57321fd8e50d865d266941b54e6c3b7758cf8f37c24116905
      url: "https://pub.dev"
    source: hosted
    version: "2.0.7"
  pedantic:
    dependency: transitive
    description:
      name: pedantic
      sha256: "67fc27ed9639506c856c840ccce7594d0bdcd91bc8d53d6e52359449a1d50602"
      url: "https://pub.dev"
    source: hosted
    version: "1.11.1"
  permission_handler:
    dependency: "direct main"
    description:
      name: permission_handler
      sha256: "4a0063f48bc421970f7227f007bdafb6673585d6338bbae15a8657615aee5577"
      url: "https://pub.dev"
    source: hosted
    version: "10.0.1"
  permission_handler_android:
    dependency: transitive
    description:
      name: permission_handler_android
      sha256: "692e5dd690cd9e978e1cefa67d97bddd3a7f4748ddac6cd8bbd1a354a6a1869f"
      url: "https://pub.dev"
    source: hosted
    version: "10.0.0"
  permission_handler_apple:
    dependency: transitive
    description:
      name: permission_handler_apple
      sha256: "6367799be76d1fe70ffe2df7f025abfe28818b450f550621778995badbebf519"
      url: "https://pub.dev"
    source: hosted
    version: "9.0.4"
  permission_handler_platform_interface:
    dependency: transitive
    description:
      name: permission_handler_platform_interface
      sha256: "5a053647844943fc63ee8bb5741cc7375444702e407a4d21bff666f1dffd0077"
      url: "https://pub.dev"
    source: hosted
    version: "3.7.1"
  permission_handler_windows:
    dependency: transitive
    description:
      name: permission_handler_windows
      sha256: "40ad5ab4d3c65d75c7f3a069065c77503aae19a1cf01ba246d43489e14f1b90c"
      url: "https://pub.dev"
    source: hosted
    version: "0.1.0"
  persistent_bottom_nav_bar:
    dependency: "direct main"
    description:
      name: persistent_bottom_nav_bar
      sha256: b8dc9cfc1ea36cef1a55c059c151d8ec8aaa28da4f0dcd224a3b3c0bed8bf130
      url: "https://pub.dev"
    source: hosted
    version: "4.0.2"
  petitparser:
    dependency: transitive
    description:
      name: petitparser
      sha256: "2ebb289dc4764ec397f5cd3ca9881c6d17196130a7d646ed022a0dd9c2e25a71"
      url: "https://pub.dev"
    source: hosted
    version: "5.0.0"
  photo_view:
    dependency: "direct main"
    description:
      name: photo_view
      sha256: "8036802a00bae2a78fc197af8a158e3e2f7b500561ed23b4c458107685e645bb"
      url: "https://pub.dev"
    source: hosted
    version: "0.14.0"
  platform:
    dependency: transitive
    description:
      name: platform
      sha256: "4a451831508d7d6ca779f7ac6e212b4023dd5a7d08a27a63da33756410e32b76"
      url: "https://pub.dev"
    source: hosted
    version: "3.1.0"
  plugin_platform_interface:
    dependency: transitive
    description:
      name: plugin_platform_interface
      sha256: dbf0f707c78beedc9200146ad3cb0ab4d5da13c246336987be6940f026500d3a
      url: "https://pub.dev"
    source: hosted
    version: "2.1.3"
  process:
    dependency: transitive
    description:
      name: process
      sha256: "53fd8db9cec1d37b0574e12f07520d582019cb6c44abf5479a01505099a34a09"
      url: "https://pub.dev"
    source: hosted
    version: "4.2.4"
  provider:
    dependency: "direct main"
    description:
      name: provider
      sha256: "8d7d4c2df46d6a6270a4e10404bfecb18a937e3e00f710c260d0a10415ce6b7b"
      url: "https://pub.dev"
    source: hosted
    version: "6.0.3"
  pull_to_refresh:
    dependency: "direct main"
    description:
      name: pull_to_refresh
      sha256: bbadd5a931837b57739cf08736bea63167e284e71fb23b218c8c9a6e042aad12
      url: "https://pub.dev"
    source: hosted
    version: "2.0.0"
  rating_dialog:
    dependency: "direct main"
    description:
      name: rating_dialog
      sha256: "4856ba266c255081f05c57148345ea13f0d86c4049859d66e14c47e2ab1f90d3"
      url: "https://pub.dev"
    source: hosted
    version: "2.0.4"
  rxdart:
    dependency: transitive
    description:
      name: rxdart
      sha256: "5d22055fd443806c03ef24a02000637cf51eae49c2a0168d38a43fc166b0209c"
      url: "https://pub.dev"
    source: hosted
    version: "0.27.5"
  share_plus:
    dependency: "direct main"
    description:
      name: share_plus
      sha256: b4eb3832948cbfeb99d5302144dcc69085efe2faf08a78c1519bfc257eeeb8b8
      url: "https://pub.dev"
    source: hosted
    version: "4.4.0"
  share_plus_linux:
    dependency: transitive
    description:
      name: share_plus_linux
      sha256: "308853d0472048e4c9b58ccc7faee6937732dc9fee7ab8e09f28bcd8d00a7a03"
      url: "https://pub.dev"
    source: hosted
    version: "3.0.0"
  share_plus_macos:
    dependency: transitive
    description:
      name: share_plus_macos
      sha256: "44daa946f2845045ecd7abb3569b61cd9a55ae9cc4cbec9895b2067b270697ae"
      url: "https://pub.dev"
    source: hosted
    version: "3.0.1"
  share_plus_platform_interface:
    dependency: transitive
    description:
      name: share_plus_platform_interface
      sha256: "04e7c8398fdb776943bb61d7ff109c84db15d1adffaac06696fb46761939be47"
      url: "https://pub.dev"
    source: hosted
    version: "3.0.3"
  share_plus_web:
    dependency: transitive
    description:
      name: share_plus_web
      sha256: d53953fc009365d7256b55adeda1fff2d579057796649c7e29812c1efb442dd4
      url: "https://pub.dev"
    source: hosted
    version: "3.0.1"
  share_plus_windows:
    dependency: transitive
    description:
      name: share_plus_windows
      sha256: "3a21515ae7d46988d42130cd53294849e280a5de6ace24bae6912a1bffd757d4"
      url: "https://pub.dev"
    source: hosted
    version: "3.0.1"
  shared_preferences:
    dependency: "direct main"
    description:
      name: shared_preferences
      sha256: "76917b7d4b9526b2ba416808a7eb9fb2863c1a09cf63ec85f1453da240fa818a"
      url: "https://pub.dev"
    source: hosted
    version: "2.0.15"
  shared_preferences_android:
    dependency: transitive
    description:
      name: shared_preferences_android
      sha256: "3e128864b9cff21bdd5b3ad569953070a851d62901bee880bb052b1110b38007"
      url: "https://pub.dev"
    source: hosted
    version: "2.0.13"
  shared_preferences_ios:
    dependency: transitive
    description:
      name: shared_preferences_ios
      sha256: "585a14cefec7da8c9c2fb8cd283a3bb726b4155c0952afe6a0caaa7b2272de34"
      url: "https://pub.dev"
    source: hosted
    version: "2.1.1"
  shared_preferences_linux:
    dependency: transitive
    description:
      name: shared_preferences_linux
      sha256: "28aefc1261746e7bad3d09799496054beb84e8c4ffcdfed7734e17b4ada459a5"
      url: "https://pub.dev"
    source: hosted
    version: "2.1.1"
  shared_preferences_macos:
    dependency: transitive
    description:
      name: shared_preferences_macos
      sha256: fbb94bf296576f49be37a1496d5951796211a8db0aa22cc0d68c46440dad808c
      url: "https://pub.dev"
    source: hosted
    version: "2.0.4"
  shared_preferences_platform_interface:
    dependency: transitive
    description:
      name: shared_preferences_platform_interface
      sha256: da9431745ede5ece47bc26d5d73a9d3c6936ef6945c101a5aca46f62e52c1cf3
      url: "https://pub.dev"
    source: hosted
    version: "2.1.0"
  shared_preferences_web:
    dependency: transitive
    description:
      name: shared_preferences_web
      sha256: a4b5bc37fe1b368bbc81f953197d55e12f49d0296e7e412dfe2d2d77d6929958
      url: "https://pub.dev"
    source: hosted
    version: "2.0.4"
  shared_preferences_windows:
    dependency: transitive
    description:
      name: shared_preferences_windows
      sha256: "97f7ab9a7da96d9cf19581f5de520ceb529548498bd6b5e0ccd02d68a0d15eba"
      url: "https://pub.dev"
    source: hosted
    version: "2.1.1"
  simple_connection_checker:
    dependency: "direct main"
    description:
      name: simple_connection_checker
      sha256: ed86006d7b2f96788f1197a35cd8d925c86f7b2c96f508ca446ad129a734a366
      url: "https://pub.dev"
    source: hosted
    version: "0.2.1"
  sky_engine:
    dependency: transitive
    description: flutter
    source: sdk
    version: "0.0.99"
  source_span:
    dependency: transitive
    description:
      name: source_span
      sha256: dd904f795d4b4f3b870833847c461801f6750a9fa8e61ea5ac53f9422b31f250
      url: "https://pub.dev"
    source: hosted
    version: "1.9.1"
  sqflite:
    dependency: transitive
    description:
      name: sqflite
      sha256: "0128af224bade0990f4ce55f2ef93a7054aa14d28768f17d4d2b21f6b1185523"
      url: "https://pub.dev"
    source: hosted
    version: "2.1.0"
  sqflite_common:
    dependency: transitive
    description:
      name: sqflite_common
      sha256: "0c7785befac2b5c40fc66b485be2f35396246a6fd6ccb89bb22614ddfb3d54a7"
      url: "https://pub.dev"
    source: hosted
    version: "2.3.0"
  stack_trace:
    dependency: transitive
    description:
      name: stack_trace
      sha256: c3c7d8edb15bee7f0f74debd4b9c5f3c2ea86766fe4178eb2a18eb30a0bdaed5
      url: "https://pub.dev"
    source: hosted
    version: "1.11.0"
  story_view:
    dependency: "direct main"
    description:
      name: story_view
      sha256: "086ff11d9ee4032c3be0afca420c8d0046af685d21dd6d1e16237f59d3077b59"
      url: "https://pub.dev"
    source: hosted
    version: "0.13.2"
  stream_channel:
    dependency: transitive
    description:
      name: stream_channel
      sha256: "83615bee9045c1d322bbbd1ba209b7a749c2cbcdcb3fdd1df8eb488b3279c1c8"
      url: "https://pub.dev"
    source: hosted
    version: "2.1.1"
  stream_transform:
    dependency: transitive
    description:
      name: stream_transform
      sha256: ed464977cb26a1f41537e177e190c67223dbd9f4f683489b6ab2e5d211ec564e
      url: "https://pub.dev"
    source: hosted
    version: "2.0.0"
  string_scanner:
    dependency: transitive
    description:
      name: string_scanner
      sha256: "556692adab6cfa87322a115640c11f13cb77b3f076ddcc5d6ae3c20242bedcde"
      url: "https://pub.dev"
    source: hosted
    version: "1.2.0"
  synchronized:
    dependency: transitive
    description:
      name: synchronized
      sha256: "7b530acd9cb7c71b0019a1e7fa22c4105e675557a4400b6a401c71c5e0ade1ac"
      url: "https://pub.dev"
    source: hosted
    version: "3.0.0+3"
  term_glyph:
    dependency: transitive
    description:
      name: term_glyph
      sha256: a29248a84fbb7c79282b40b8c72a1209db169a2e0542bce341da992fe1bc7e84
      url: "https://pub.dev"
    source: hosted
    version: "1.2.1"
  test_api:
    dependency: transitive
    description:
      name: test_api
      sha256: ad540f65f92caa91bf21dfc8ffb8c589d6e4dc0c2267818b4cc2792857706206
      url: "https://pub.dev"
    source: hosted
    version: "0.4.16"
  timezone:
    dependency: transitive
    description:
      name: timezone
      sha256: "57b35f6e8ef731f18529695bffc62f92c6189fac2e52c12d478dec1931afb66e"
      url: "https://pub.dev"
    source: hosted
    version: "0.8.0"
  typed_data:
    dependency: transitive
    description:
      name: typed_data
      sha256: "26f87ade979c47a150c9eaab93ccd2bebe70a27dc0b4b29517f2904f04eb11a5"
      url: "https://pub.dev"
    source: hosted
    version: "1.3.1"
  universal_io:
    dependency: transitive
    description:
      name: universal_io
      sha256: "79f78ddad839ee3aae3ec7c01eb4575faf0d5c860f8e5223bc9f9c17f7f03cef"
      url: "https://pub.dev"
    source: hosted
    version: "2.0.4"
  url_launcher:
    dependency: "direct main"
    description:
      name: url_launcher
      sha256: "4f0d5f9bf7efba3da5a7ff03bd33cc898c84bac978c068e1c94483828e709592"
      url: "https://pub.dev"
    source: hosted
    version: "6.1.5"
  url_launcher_android:
    dependency: transitive
    description:
      name: url_launcher_android
      sha256: "9e262cbec69233717d5198f4d0b0c4961fa027e3685ba425442c43c64f38bb9b"
      url: "https://pub.dev"
    source: hosted
    version: "6.0.19"
  url_launcher_ios:
    dependency: transitive
    description:
      name: url_launcher_ios
      sha256: "6ba7dddee26c9fae27c9203c424631109d73c8fa26cfa7bc3e35e751cb87f62e"
      url: "https://pub.dev"
    source: hosted
    version: "6.0.17"
  url_launcher_linux:
    dependency: transitive
    description:
      name: url_launcher_linux
      sha256: "360fa359ab06bcb4f7c5cd3123a2a9a4d3364d4575d27c4b33468bd4497dd094"
      url: "https://pub.dev"
    source: hosted
    version: "3.0.1"
  url_launcher_macos:
    dependency: transitive
    description:
      name: url_launcher_macos
      sha256: a9b3ea9043eabfaadfa3fb89de67a11210d85569086d22b3854484beab8b3978
      url: "https://pub.dev"
    source: hosted
    version: "3.0.1"
  url_launcher_platform_interface:
    dependency: transitive
    description:
      name: url_launcher_platform_interface
      sha256: "80b860b31a11ebbcbe51b8fe887efc204f3af91522f3b51bcda4622d276d2120"
      url: "https://pub.dev"
    source: hosted
    version: "2.1.0"
  url_launcher_web:
    dependency: transitive
    description:
      name: url_launcher_web
      sha256: "5669882643b96bb6d5786637cac727c6e918a790053b09245fd4513b8a07df2a"
      url: "https://pub.dev"
    source: hosted
    version: "2.0.13"
  url_launcher_windows:
    dependency: transitive
    description:
      name: url_launcher_windows
      sha256: e3c3b16d3104260c10eea3b0e34272aaa57921f83148b0619f74c2eced9b7ef1
      url: "https://pub.dev"
    source: hosted
    version: "3.0.1"
  uuid:
    dependency: transitive
    description:
      name: uuid
      sha256: "2469694ad079893e3b434a627970c33f2fa5adc46dfe03c9617546969a9a8afc"
      url: "https://pub.dev"
    source: hosted
    version: "3.0.6"
  vector_math:
    dependency: transitive
    description:
      name: vector_math
      sha256: "80b3257d1492ce4d091729e3a67a60407d227c27241d6927be0130c98e741803"
      url: "https://pub.dev"
    source: hosted
    version: "2.1.4"
  video_player:
    dependency: transitive
    description:
      name: video_player
      sha256: "32c20460c6879140dbd2728323918e5b1982125ad6517f71a01e17cdd7fa7975"
      url: "https://pub.dev"
    source: hosted
    version: "2.4.7"
  video_player_android:
    dependency: transitive
    description:
      name: video_player_android
      sha256: d4d7313d1dc6f14d3414b98e2b268c3f34f4ac4ce4af51cf905e9a438edf0c77
      url: "https://pub.dev"
    source: hosted
    version: "2.3.9"
  video_player_avfoundation:
    dependency: transitive
    description:
      name: video_player_avfoundation
      sha256: "667fe547a819b2e29421ddd7755c874da3e55a77f0fb2309d3d5cf559343ece1"
      url: "https://pub.dev"
    source: hosted
    version: "2.3.5"
  video_player_platform_interface:
    dependency: transitive
    description:
      name: video_player_platform_interface
      sha256: "318a6d20577e1c78cf0bf40670883cc571ea860c72a4f7426d7dacce4bdd4343"
      url: "https://pub.dev"
    source: hosted
    version: "5.1.4"
  video_player_web:
    dependency: transitive
    description:
      name: video_player_web
      sha256: ed949a3df5fe88533254bbdd242c3d8eea19ecbc4e7af90da84ef087533f584b
      url: "https://pub.dev"
    source: hosted
    version: "2.0.12"
  visibility_detector:
    dependency: "direct main"
    description:
      name: visibility_detector
      sha256: "15c54a459ec2c17b4705450483f3d5a2858e733aee893dcee9d75fd04814940d"
      url: "https://pub.dev"
    source: hosted
    version: "0.3.3"
  wakelock:
    dependency: transitive
    description:
      name: wakelock
      sha256: "769ecf42eb2d07128407b50cb93d7c10bd2ee48f0276ef0119db1d25cc2f87db"
      url: "https://pub.dev"
    source: hosted
    version: "0.6.2"
  wakelock_macos:
    dependency: transitive
    description:
      name: wakelock_macos
      sha256: "047c6be2f88cb6b76d02553bca5a3a3b95323b15d30867eca53a19a0a319d4cd"
      url: "https://pub.dev"
    source: hosted
    version: "0.4.0"
  wakelock_platform_interface:
    dependency: transitive
    description:
      name: wakelock_platform_interface
      sha256: "1f4aeb81fb592b863da83d2d0f7b8196067451e4df91046c26b54a403f9de621"
      url: "https://pub.dev"
    source: hosted
    version: "0.3.0"
  wakelock_web:
    dependency: transitive
    description:
      name: wakelock_web
      sha256: "1b256b811ee3f0834888efddfe03da8d18d0819317f20f6193e2922b41a501b5"
      url: "https://pub.dev"
    source: hosted
    version: "0.4.0"
  wakelock_windows:
    dependency: transitive
    description:
      name: wakelock_windows
      sha256: "108b1b73711f1664ee462e73af34a9286ff496e27d4d8371e2fb4da8fde4cdac"
      url: "https://pub.dev"
    source: hosted
    version: "0.2.0"
  webview_flutter:
    dependency: "direct main"
    description:
      name: webview_flutter
      sha256: "6886b3ceef1541109df5001054aade5ee3c36b5780302e41701c78357233721c"
      url: "https://pub.dev"
    source: hosted
    version: "2.8.0"
  webview_flutter_android:
    dependency: transitive
    description:
      name: webview_flutter_android
      sha256: "4248c4c2d880758546662c1313b5b998e111a567079a854b2789bc8cfe8817a4"
      url: "https://pub.dev"
    source: hosted
    version: "2.10.2"
  webview_flutter_platform_interface:
    dependency: transitive
    description:
      name: webview_flutter_platform_interface
      sha256: "2fae5e8b792f563bf0e45ea4b435e11a3a490ae1e96a4be4ed078ca99e239673"
      url: "https://pub.dev"
    source: hosted
    version: "1.9.3"
  webview_flutter_wkwebview:
    dependency: transitive
    description:
      name: webview_flutter_wkwebview
      sha256: f085c3d595267185ab446169b6b17b5f6bc584395ff8c8623d7a379f6a869cc3
      url: "https://pub.dev"
    source: hosted
    version: "2.9.4"
  win32:
    dependency: transitive
    description:
      name: win32
      sha256: c0e3a4f7be7dae51d8f152230b86627e3397c1ba8c3fa58e63d44a9f3edc9cef
      url: "https://pub.dev"
    source: hosted
    version: "2.6.1"
  xdg_directories:
    dependency: transitive
    description:
      name: xdg_directories
      sha256: "11541eedefbcaec9de35aa82650b695297ce668662bbd6e3911a7fabdbde589f"
      url: "https://pub.dev"
    source: hosted
    version: "0.2.0+2"
  xml:
    dependency: transitive
    description:
      name: xml
      sha256: ac0e3f4bf00ba2708c33fbabbbe766300e509f8c82dbd4ab6525039813f7e2fb
      url: "https://pub.dev"
    source: hosted
    version: "6.1.0"
  yaml:
    dependency: transitive
    description:
      name: yaml
      sha256: "23812a9b125b48d4007117254bca50abb6c712352927eece9e155207b1db2370"
      url: "https://pub.dev"
    source: hosted
    version: "3.1.1"
sdks:
  dart: ">=2.18.0 <3.0.0"
  flutter: ">=3.7.0"
